{
  "name": "-asdf",
  "version": "1.0.0",
  "lockfileVersion": 1,
  "requires": true,
  "dependencies": {
    "@discordjs/opus": {
      "version": "0.4.0",
      "requires": {
        "@discordjs/node-pre-gyp": "^0.2.0",
        "node-addon-api": "^3.1.0"
      }
    },
    "danbot-hosting": {
      "version": "0.1.6",
      "requires": {
        "node-fetch": "^2.6.0"
      }
    },
    "dbd.db": {
      "version": "1.4.5",
      "requires": {
        "rfdc": "^1.3.0",
        "workerpool": "^6.1.2"
      }
    },
    "dbd.js": {
      "version": "2.2.6",
      "resolved": "https://registry.npmjs.org/dbd.js/-/dbd.js-2.2.6.tgz",
      "integrity": "sha512-RUksMAtS7nPUKLhI40qoaxtUD4fCbbzOO3EUeY7wwmofmnWJnW/emQl2iXusZXG1hf9Tzn1AC25r/5jmHhPvQA==",
      "requires": {
        "@discordjs/opus": "^0.4.0",
        "danbot-hosting": "^0.1.6",
        "dbd.db": "^1.3.19",
        "discord.js": "^12.5.1",
        "ffmpeg-static": "^4.2.7",
        "moment": "^2.29.1",
        "ms-parser": "^1.0.5",
        "parse-ms": "^2.1.0",
        "soundcloud-downloader": "^0.2.4",
        "spotify-url-info": "^2.2.0",
        "yt-search": "^2.7.3",
        "ytdl-core": "^4.5.0"
      }
    },
    "discord.js": {
      "version": "12.5.3",
      "requires": {
        "@discordjs/collection": "^0.1.6",
        "@discordjs/form-data": "^3.0.1",
        "abort-controller": "^3.0.0",
        "node-fetch": "^2.6.1",
        "prism-media": "^1.2.9",
        "setimmediate": "^1.0.5",
        "tweetnacl": "^1.0.3",
        "ws": "^7.4.4"
      }
    },
    "ffmpeg-static": {
      "version": "4.4.1",
      "requires": {
        "@derhuerst/http-basic": "^8.2.0",
        "env-paths": "^2.2.0",
        "https-proxy-agent": "^5.0.0",
        "progress": "^2.0.3"
      }
    },
    "jastinch-api-wrapper": {
      "version": "0.0.11",
      "requires": {
        "axios": "^0.21.1"
      }
    },
    "moment": {
      "version": "2.30.1"
    },
    "ms-parser": {
      "version": "1.0.5"
    },
    "parse-ms": {
      "version": "2.1.0"
    },
    "scramb": {
      "version": "2.0.5"
    },
    "soundcloud-downloader": {
      "version": "0.2.4",
      "requires": {
        "@babel/runtime": "^7.10.3",
        "axios": "^0.21.0",
        "dotenv": "^8.2.0",
        "m3u8stream": "^0.8.0",
        "soundcloud-key-fetch": "^1.0.10"
      }
    },
    "spotify-url-info": {
      "version": "2.2.9",
      "requires": {
        "cross-fetch": "~3.1.4",
        "himalaya": "~1.1.0",
        "spotify-uri": "~2.2.0"
      }
    },
    "yt-search": {
      "version": "2.10.4",
      "requires": {
        "async.parallellimit": "~0.5.2",
        "boolstring": "~1.0.2",
        "cheerio": "^1.0.0-rc.10",
        "dasu": "~0.4.3",
        "human-time": "0.0.2",
        "jsonpath-plus": "~5.0.2",
        "minimist": "~1.2.5",
        "node-fzf": "~0.5.1"
      }
    },
    "ytdl-core": {
      "version": "4.11.5",
      "requires": {
        "m3u8stream": "^0.8.6",
        "miniget": "^4.2.2",
        "sax": "^1.1.3"
      }
    }
  }
}
